
Microsoft Visual Studio Solution File, Format Version 12.00
# Visual Studio Version 17
VisualStudioVersion = 17.5.33530.505
MinimumVisualStudioVersion = 10.0.40219.1
Project("{9A19103F-16F7-4668-BE54-9A1E7A4F7556}") = "TodoApi", "TodoApi\TodoApi.csproj", "{4871AAF3-0914-4869-9017-73E338C1401A}"
EndProject
Global
	GlobalSection(SolutionConfigurationPlatforms) = preSolution
		Debug|Any CPU = Debug|Any CPU
		Release|Any CPU = Release|Any CPU
	EndGlobalSection
	GlobalSection(ProjectConfigurationPlatforms) = postSolution
		{4871AAF3-0914-4869-9017-73E338C1401A}.Debug|Any CPU.ActiveCfg = Debug|Any CPU
		{4871AAF3-0914-4869-9017-73E338C1401A}.Debug|Any CPU.Build.0 = Debug|Any CPU
		{4871AAF3-0914-4869-9017-73E338C1401A}.Release|Any CPU.ActiveCfg = Release|Any CPU
		{4871AAF3-0914-4869-9017-73E338C1401A}.Release|Any CPU.Build.0 = Release|Any CPU
	EndGlobalSection
	GlobalSection(SolutionProperties) = preSolution
		HideSolutionNode = FALSE
	EndGlobalSection
	GlobalSection(ExtensibilityGlobals) = postSolution
		SolutionGuid = {E563AAD4-FEE8-412D-B4DF-0A5A78214989}
	EndGlobalSection
EndGlobal
